// !$*UTF8*$!
{
	archiveVersion = 1;
	classes = {
	};
	objectVersion = 46;
	objects = {

/* Begin PBXBuildFile section */
		DD43F3B01F0C9167003C8F05 /* main.m in Sources */ = {isa = PBXBuildFile; fileRef = DD43F3AF1F0C9167003C8F05 /* main.m */; };
		DD43F3B31F0C9167003C8F05 /* AppDelegate.m in Sources */ = {isa = PBXBuildFile; fileRef = DD43F3B21F0C9167003C8F05 /* AppDelegate.m */; };
		DD43F3B61F0C9167003C8F05 /* ViewController.m in Sources */ = {isa = PBXBuildFile; fileRef = DD43F3B51F0C9167003C8F05 /* ViewController.m */; };
		DD43F3B91F0C9167003C8F05 /* Main.storyboard in Resources */ = {isa = PBXBuildFile; fileRef = DD43F3B71F0C9167003C8F05 /* Main.storyboard */; };
		DD43F3BB1F0C9167003C8F05 /* Assets.xcassets in Resources */ = {isa = PBXBuildFile; fileRef = DD43F3BA1F0C9167003C8F05 /* Assets.xcassets */; };
		DD43F3BE1F0C9167003C8F05 /* LaunchScreen.storyboard in Resources */ = {isa = PBXBuildFile; fileRef = DD43F3BC1F0C9167003C8F05 /* LaunchScreen.storyboard */; };
		DD43F3C91F0C9167003C8F05 /* _______Tests.m in Sources */ = {isa = PBXBuildFile; fileRef = DD43F3C81F0C9167003C8F05 /* _______Tests.m */; };
		DD43F3D41F0C9167003C8F05 /* _______UITests.m in Sources */ = {isa = PBXBuildFile; fileRef = DD43F3D31F0C9167003C8F05 /* _______UITests.m */; };
		DD43F3E61F0C91D1003C8F05 /* ChoosePhoController.m in Sources */ = {isa = PBXBuildFile; fileRef = DD43F3E51F0C91D1003C8F05 /* ChoosePhoController.m */; };
		DD43F3E91F0C91DC003C8F05 /* ChoosePhotoCell.m in Sources */ = {isa = PBXBuildFile; fileRef = DD43F3E81F0C91DC003C8F05 /* ChoosePhotoCell.m */; };
/* End PBXBuildFile section */

/* Begin PBXContainerItemProxy section */
		DD43F3C51F0C9167003C8F05 /* PBXContainerItemProxy */ = {
			isa = PBXContainerItemProxy;
			containerPortal = DD43F3A31F0C9167003C8F05 /* Project object */;
			proxyType = 1;
			remoteGlobalIDString = DD43F3AA1F0C9167003C8F05;
			remoteInfo = "多张图片选择器";
		};
		DD43F3D01F0C9167003C8F05 /* PBXContainerItemProxy */ = {
			isa = PBXContainerItemProxy;
			containerPortal = DD43F3A31F0C9167003C8F05 /* Project object */;
			proxyType = 1;
			remoteGlobalIDString = DD43F3AA1F0C9167003C8F05;
			remoteInfo = "多张图片选择器";
		};
/* End PBXContainerItemProxy section */

/* Begin PBXFileReference section */
		DD43F3AB1F0C9167003C8F05 /* 多张图片选择器.app */ = {isa = PBXFileReference; explicitFileType = wrapper.application; includeInIndex = 0; path = "多张图片选择器.app"; sourceTree = BUILT_PRODUCTS_DIR; };
		DD43F3AF1F0C9167003C8F05 /* main.m */ = {isa = PBXFileReference; lastKnownFileType = sourcecode.c.objc; path = main.m; sourceTree = "<group>"; };
		DD43F3B11F0C9167003C8F05 /* AppDelegate.h */ = {isa = PBXFileReference; lastKnownFileType = sourcecode.c.h; path = AppDelegate.h; sourceTree = "<group>"; };
		DD43F3B21F0C9167003C8F05 /* AppDelegate.m */ = {isa = PBXFileReference; lastKnownFileType = sourcecode.c.objc; path = AppDelegate.m; sourceTree = "<group>"; };
		DD43F3B41F0C9167003C8F05 /* ViewController.h */ = {isa = PBXFileReference; lastKnownFileType = sourcecode.c.h; name = ViewController.h; path = ../ViewController.h; sourceTree = "<group>"; };
		DD43F3B51F0C9167003C8F05 /* ViewController.m */ = {isa = PBXFileReference; lastKnownFileType = sourcecode.c.objc; name = ViewController.m; path = ../ViewController.m; sourceTree = "<group>"; };
		DD43F3B81F0C9167003C8F05 /* Base */ = {isa = PBXFileReference; lastKnownFileType = file.storyboard; name = Base; path = Base.lproj/Main.storyboard; sourceTree = "<group>"; };
		DD43F3BA1F0C9167003C8F05 /* Assets.xcassets */ = {isa = PBXFileReference; lastKnownFileType = folder.assetcatalog; path = Assets.xcassets; sourceTree = "<group>"; };
		DD43F3BD1F0C9167003C8F05 /* Base */ = {isa = PBXFileReference; lastKnownFileType = file.storyboard; name = Base; path = Base.lproj/LaunchScreen.storyboard; sourceTree = "<group>"; };
		DD43F3BF1F0C9167003C8F05 /* Info.plist */ = {isa = PBXFileReference; lastKnownFileType = text.plist.xml; path = Info.plist; sourceTree = "<group>"; };
		DD43F3C41F0C9167003C8F05 /* 多张图片选择器Tests.xctest */ = {isa = PBXFileReference; explicitFileType = wrapper.cfbundle; includeInIndex = 0; path = "多张图片选择器Tests.xctest"; sourceTree = BUILT_PRODUCTS_DIR; };
		DD43F3C81F0C9167003C8F05 /* _______Tests.m */ = {isa = PBXFileReference; lastKnownFileType = sourcecode.c.objc; path = "_______Tests.m"; sourceTree = "<group>"; };
		DD43F3CA1F0C9167003C8F05 /* Info.plist */ = {isa = PBXFileReference; lastKnownFileType = text.plist.xml; path = Info.plist; sourceTree = "<group>"; };
		DD43F3CF1F0C9167003C8F05 /* 多张图片选择器UITests.xctest */ = {isa = PBXFileReference; explicitFileType = wrapper.cfbundle; includeInIndex = 0; path = "多张图片选择器UITests.xctest"; sourceTree = BUILT_PRODUCTS_DIR; };
		DD43F3D31F0C9167003C8F05 /* _______UITests.m */ = {isa = PBXFileReference; lastKnownFileType = sourcecode.c.objc; path = "_______UITests.m"; sourceTree = "<group>"; };
		DD43F3D51F0C9167003C8F05 /* Info.plist */ = {isa = PBXFileReference; lastKnownFileType = text.plist.xml; path = Info.plist; sourceTree = "<group>"; };
		DD43F3E41F0C91D1003C8F05 /* ChoosePhoController.h */ = {isa = PBXFileReference; fileEncoding = 4; lastKnownFileType = sourcecode.c.h; path = ChoosePhoController.h; sourceTree = "<group>"; };
		DD43F3E51F0C91D1003C8F05 /* ChoosePhoController.m */ = {isa = PBXFileReference; fileEncoding = 4; lastKnownFileType = sourcecode.c.objc; path = ChoosePhoController.m; sourceTree = "<group>"; };
		DD43F3E71F0C91DC003C8F05 /* ChoosePhotoCell.h */ = {isa = PBXFileReference; fileEncoding = 4; lastKnownFileType = sourcecode.c.h; path = ChoosePhotoCell.h; sourceTree = "<group>"; };
		DD43F3E81F0C91DC003C8F05 /* ChoosePhotoCell.m */ = {isa = PBXFileReference; fileEncoding = 4; lastKnownFileType = sourcecode.c.objc; path = ChoosePhotoCell.m; sourceTree = "<group>"; };
		DD43F3EA1F0C91FA003C8F05 /* Header.h */ = {isa = PBXFileReference; fileEncoding = 4; lastKnownFileType = sourcecode.c.h; path = Header.h; sourceTree = "<group>"; };
/* End PBXFileReference section */

/* Begin PBXFrameworksBuildPhase section */
		DD43F3A81F0C9167003C8F05 /* Frameworks */ = {
			isa = PBXFrameworksBuildPhase;
			buildActionMask = 2147483647;
			files = (
			);
			runOnlyForDeploymentPostprocessing = 0;
		};
		DD43F3C11F0C9167003C8F05 /* Frameworks */ = {
			isa = PBXFrameworksBuildPhase;
			buildActionMask = 2147483647;
			files = (
			);
			runOnlyForDeploymentPostprocessing = 0;
		};
		DD43F3CC1F0C9167003C8F05 /* Frameworks */ = {
			isa = PBXFrameworksBuildPhase;
			buildActionMask = 2147483647;
			files = (
			);
			runOnlyForDeploymentPostprocessing = 0;
		};
/* End PBXFrameworksBuildPhase section */

/* Begin PBXGroup section */
		DD43F3A21F0C9167003C8F05 = {
			isa = PBXGroup;
			children = (
				DD43F3AD1F0C9167003C8F05 /* 多张图片选择器 */,
				DD43F3C71F0C9167003C8F05 /* 多张图片选择器Tests */,
				DD43F3D21F0C9167003C8F05 /* 多张图片选择器UITests */,
				DD43F3AC1F0C9167003C8F05 /* Products */,
			);
			sourceTree = "<group>";
		};
		DD43F3AC1F0C9167003C8F05 /* Products */ = {
			isa = PBXGroup;
			children = (
				DD43F3AB1F0C9167003C8F05 /* 多张图片选择器.app */,
				DD43F3C41F0C9167003C8F05 /* 多张图片选择器Tests.xctest */,
				DD43F3CF1F0C9167003C8F05 /* 多张图片选择器UITests.xctest */,
			);
			name = Products;
			sourceTree = "<group>";
		};
		DD43F3AD1F0C9167003C8F05 /* 多张图片选择器 */ = {
			isa = PBXGroup;
			children = (
				DD43F3E21F0C91AE003C8F05 /* M */,
				DD43F3E31F0C91AE003C8F05 /* V */,
				DD43F3E11F0C91AE003C8F05 /* C */,
				DD43F3B11F0C9167003C8F05 /* AppDelegate.h */,
				DD43F3B21F0C9167003C8F05 /* AppDelegate.m */,
				DD43F3EA1F0C91FA003C8F05 /* Header.h */,
				DD43F3B71F0C9167003C8F05 /* Main.storyboard */,
				DD43F3BA1F0C9167003C8F05 /* Assets.xcassets */,
				DD43F3BC1F0C9167003C8F05 /* LaunchScreen.storyboard */,
				DD43F3BF1F0C9167003C8F05 /* Info.plist */,
				DD43F3AE1F0C9167003C8F05 /* Supporting Files */,
			);
			path = "多张图片选择器";
			sourceTree = "<group>";
		};
		DD43F3AE1F0C9167003C8F05 /* Supporting Files */ = {
			isa = PBXGroup;
			children = (
				DD43F3AF1F0C9167003C8F05 /* main.m */,
			);
			name = "Supporting Files";
			sourceTree = "<group>";
		};
		DD43F3C71F0C9167003C8F05 /* 多张图片选择器Tests */ = {
			isa = PBXGroup;
			children = (
				DD43F3C81F0C9167003C8F05 /* _______Tests.m */,
				DD43F3CA1F0C9167003C8F05 /* Info.plist */,
			);
			path = "多张图片选择器Tests";
			sourceTree = "<group>";
		};
		DD43F3D21F0C9167003C8F05 /* 多张图片选择器UITests */ = {
			isa = PBXGroup;
			children = (
				DD43F3D31F0C9167003C8F05 /* _______UITests.m */,
				DD43F3D51F0C9167003C8F05 /* Info.plist */,
			);
			path = "多张图片选择器UITests";
			sourceTree = "<group>";
		};
		DD43F3E11F0C91AE003C8F05 /* C */ = {
			isa = PBXGroup;
			children = (
				DD43F3E41F0C91D1003C8F05 /* ChoosePhoController.h */,
				DD43F3E51F0C91D1003C8F05 /* ChoosePhoController.m */,
				DD43F3B41F0C9167003C8F05 /* ViewController.h */,
				DD43F3B51F0C9167003C8F05 /* ViewController.m */,
			);
			path = C;
			sourceTree = "<group>";
		};
		DD43F3E21F0C91AE003C8F05 /* M */ = {
			isa = PBXGroup;
			children = (
			);
			path = M;
			sourceTree = "<group>";
		};
		DD43F3E31F0C91AE003C8F05 /* V */ = {
			isa = PBXGroup;
			children = (
				DD43F3E71F0C91DC003C8F05 /* ChoosePhotoCell.h */,
				DD43F3E81F0C91DC003C8F05 /* ChoosePhotoCell.m */,
			);
			path = V;
			sourceTree = "<group>";
		};
/* End PBXGroup section */

/* Begin PBXNativeTarget section */
		DD43F3AA1F0C9167003C8F05 /* 多张图片选择器 */ = {
			isa = PBXNativeTarget;
			buildConfigurationList = DD43F3D81F0C9167003C8F05 /* Build configuration list for PBXNativeTarget "多张图片选择器" */;
			buildPhases = (
				DD43F3A71F0C9167003C8F05 /* Sources */,
				DD43F3A81F0C9167003C8F05 /* Frameworks */,
				DD43F3A91F0C9167003C8F05 /* Resources */,
			);
			buildRules = (
			);
			dependencies = (
			);
			name = "多张图片选择器";
			productName = "多张图片选择器";
			productReference = DD43F3AB1F0C9167003C8F05 /* 多张图片选择器.app */;
			productType = "com.apple.product-type.application";
		};
		DD43F3C31F0C9167003C8F05 /* 多张图片选择器Tests */ = {
			isa = PBXNativeTarget;
			buildConfigurationList = DD43F3DB1F0C9167003C8F05 /* Build configuration list for PBXNativeTarget "多张图片选择器Tests" */;
			buildPhases = (
				DD43F3C01F0C9167003C8F05 /* Sources */,
				DD43F3C11F0C9167003C8F05 /* Frameworks */,
				DD43F3C21F0C9167003C8F05 /* Resources */,
			);
			buildRules = (
			);
			dependencies = (
				DD43F3C61F0C9167003C8F05 /* PBXTargetDependency */,
			);
			name = "多张图片选择器Tests";
			productName = "多张图片选择器Tests";
			productReference = DD43F3C41F0C9167003C8F05 /* 多张图片选择器Tests.xctest */;
			productType = "com.apple.product-type.bundle.unit-test";
		};
		DD43F3CE1F0C9167003C8F05 /* 多张图片选择器UITests */ = {
			isa = PBXNativeTarget;
			buildConfigurationList = DD43F3DE1F0C9167003C8F05 /* Build configuration list for PBXNativeTarget "多张图片选择器UITests" */;
			buildPhases = (
				DD43F3CB1F0C9167003C8F05 /* Sources */,
				DD43F3CC1F0C9167003C8F05 /* Frameworks */,
				DD43F3CD1F0C9167003C8F05 /* Resources */,
			);
			buildRules = (
			);
			dependencies = (
				DD43F3D11F0C9167003C8F05 /* PBXTargetDependency */,
			);
			name = "多张图片选择器UITests";
			productName = "多张图片选择器UITests";
			productReference = DD43F3CF1F0C9167003C8F05 /* 多张图片选择器UITests.xctest */;
			productType = "com.apple.product-type.bundle.ui-testing";
		};
/* End PBXNativeTarget section */

/* Begin PBXProject section */
		DD43F3A31F0C9167003C8F05 /* Project object */ = {
			isa = PBXProject;
			attributes = {
				LastUpgradeCheck = 0810;
				ORGANIZATIONNAME = "苗建浩";
				TargetAttributes = {
					DD43F3AA1F0C9167003C8F05 = {
						CreatedOnToolsVersion = 8.1;
						DevelopmentTeam = B7UQ7WHB5T;
						ProvisioningStyle = Automatic;
					};
					DD43F3C31F0C9167003C8F05 = {
						CreatedOnToolsVersion = 8.1;
						ProvisioningStyle = Automatic;
						TestTargetID = DD43F3AA1F0C9167003C8F05;
					};
					DD43F3CE1F0C9167003C8F05 = {
						CreatedOnToolsVersion = 8.1;
						ProvisioningStyle = Automatic;
						TestTargetID = DD43F3AA1F0C9167003C8F05;
					};
				};
			};
			buildConfigurationList = DD43F3A61F0C9167003C8F05 /* Build configuration list for PBXProject "多张图片选择器" */;
			compatibilityVersion = "Xcode 3.2";
			developmentRegion = English;
			hasScannedForEncodings = 0;
			knownRegions = (
				en,
				Base,
			);
			mainGroup = DD43F3A21F0C9167003C8F05;
			productRefGroup = DD43F3AC1F0C9167003C8F05 /* Products */;
			projectDirPath = "";
			projectRoot = "";
			targets = (
				DD43F3AA1F0C9167003C8F05 /* 多张图片选择器 */,
				DD43F3C31F0C9167003C8F05 /* 多张图片选择器Tests */,
				DD43F3CE1F0C9167003C8F05 /* 多张图片选择器UITests */,
			);
		};
/* End PBXProject section */

/* Begin PBXResourcesBuildPhase section */
		DD43F3A91F0C9167003C8F05 /* Resources */ = {
			isa = PBXResourcesBuildPhase;
			buildActionMask = 2147483647;
			files = (
				DD43F3BE1F0C9167003C8F05 /* LaunchScreen.storyboard in Resources */,
				DD43F3BB1F0C9167003C8F05 /* Assets.xcassets in Resources */,
				DD43F3B91F0C9167003C8F05 /* Main.storyboard in Resources */,
			);
			runOnlyForDeploymentPostprocessing = 0;
		};
		DD43F3C21F0C9167003C8F05 /* Resources */ = {
			isa = PBXResourcesBuildPhase;
			buildActionMask = 2147483647;
			files = (
			);
			runOnlyForDeploymentPostprocessing = 0;
		};
		DD43F3CD1F0C9167003C8F05 /* Resources */ = {
			isa = PBXResourcesBuildPhase;
			buildActionMask = 2147483647;
			files = (
			);
			runOnlyForDeploymentPostprocessing = 0;
		};
/* End PBXResourcesBuildPhase section */

/* Begin PBXSourcesBuildPhase section */
		DD43F3A71F0C9167003C8F05 /* Sources */ = {
			isa = PBXSourcesBuildPhase;
			buildActionMask = 2147483647;
			files = (
				DD43F3E91F0C91DC003C8F05 /* ChoosePhotoCell.m in Sources */,
				DD43F3E61F0C91D1003C8F05 /* ChoosePhoController.m in Sources */,
				DD43F3B61F0C9167003C8F05 /* ViewController.m in Sources */,
				DD43F3B31F0C9167003C8F05 /* AppDelegate.m in Sources */,
				DD43F3B01F0C9167003C8F05 /* main.m in Sources */,
			);
			runOnlyForDeploymentPostprocessing = 0;
		};
		DD43F3C01F0C9167003C8F05 /* Sources */ = {
			isa = PBXSourcesBuildPhase;
			buildActionMask = 2147483647;
			files = (
				DD43F3C91F0C9167003C8F05 /* _______Tests.m in Sources */,
			);
			runOnlyForDeploymentPostprocessing = 0;
		};
		DD43F3CB1F0C9167003C8F05 /* Sources */ = {
			isa = PBXSourcesBuildPhase;
			buildActionMask = 2147483647;
			files = (
				DD43F3D41F0C9167003C8F05 /* _______UITests.m in Sources */,
			);
			runOnlyForDeploymentPostprocessing = 0;
		};
/* End PBXSourcesBuildPhase section */

/* Begin PBXTargetDependency section */
		DD43F3C61F0C9167003C8F05 /* PBXTargetDependency */ = {
			isa = PBXTargetDependency;
			target = DD43F3AA1F0C9167003C8F05 /* 多张图片选择器 */;
			targetProxy = DD43F3C51F0C9167003C8F05 /* PBXContainerItemProxy */;
		};
		DD43F3D11F0C9167003C8F05 /* PBXTargetDependency */ = {
			isa = PBXTargetDependency;
			target = DD43F3AA1F0C9167003C8F05 /* 多张图片选择器 */;
			targetProxy = DD43F3D01F0C9167003C8F05 /* PBXContainerItemProxy */;
		};
/* End PBXTargetDependency section */

/* Begin PBXVariantGroup section */
		DD43F3B71F0C9167003C8F05 /* Main.storyboard */ = {
			isa = PBXVariantGroup;
			children = (
				DD43F3B81F0C9167003C8F05 /* Base */,
			);
			name = Main.storyboard;
			sourceTree = "<group>";
		};
		DD43F3BC1F0C9167003C8F05 /* LaunchScreen.storyboard */ = {
			isa = PBXVariantGroup;
			children = (
				DD43F3BD1F0C9167003C8F05 /* Base */,
			);
			name = LaunchScreen.storyboard;
			sourceTree = "<group>";
		};
/* End PBXVariantGroup section */

/* Begin XCBuildConfiguration section */
		DD43F3D61F0C9167003C8F05 /* Debug */ = {
			isa = XCBuildConfiguration;
			buildSettings = {
				ALWAYS_SEARCH_USER_PATHS = NO;
				CLANG_ANALYZER_NONNULL = YES;
				CLANG_CXX_LANGUAGE_STANDARD = "gnu++0x";
				CLANG_CXX_LIBRARY = "libc++";
				CLANG_ENABLE_MODULES = YES;
				CLANG_ENABLE_OBJC_ARC = YES;
				CLANG_WARN_BOOL_CONVERSION = YES;
				CLANG_WARN_CONSTANT_CONVERSION = YES;
				CLANG_WARN_DIRECT_OBJC_ISA_USAGE = YES_ERROR;
				CLANG_WARN_DOCUMENTATION_COMMENTS = YES;
				CLANG_WARN_EMPTY_BODY = YES;
				CLANG_WARN_ENUM_CONVERSION = YES;
				CLANG_WARN_INFINITE_RECURSION = YES;
				CLANG_WARN_INT_CONVERSION = YES;
				CLANG_WARN_OBJC_ROOT_CLASS = YES_ERROR;
				CLANG_WARN_SUSPICIOUS_MOVES = YES;
				CLANG_WARN_UNREACHABLE_CODE = YES;
				CLANG_WARN__DUPLICATE_METHOD_MATCH = YES;
				"CODE_SIGN_IDENTITY[sdk=iphoneos*]" = "iPhone Developer";
				COPY_PHASE_STRIP = NO;
				DEBUG_INFORMATION_FORMAT = dwarf;
				ENABLE_STRICT_OBJC_MSGSEND = YES;
				ENABLE_TESTABILITY = YES;
				GCC_C_LANGUAGE_STANDARD = gnu99;
				GCC_DYNAMIC_NO_PIC = NO;
				GCC_NO_COMMON_BLOCKS = YES;
				GCC_OPTIMIZATION_LEVEL = 0;
				GCC_PREPROCESSOR_DEFINITIONS = (
					"DEBUG=1",
					"$(inherited)",
				);
				GCC_WARN_64_TO_32_BIT_CONVERSION = YES;
				GCC_WARN_ABOUT_RETURN_TYPE = YES_ERROR;
				GCC_WARN_UNDECLARED_SELECTOR = YES;
				GCC_WARN_UNINITIALIZED_AUTOS = YES_AGGRESSIVE;
				GCC_WARN_UNUSED_FUNCTION = YES;
				GCC_WARN_UNUSED_VARIABLE = YES;
				IPHONEOS_DEPLOYMENT_TARGET = 10.1;
				MTL_ENABLE_DEBUG_INFO = YES;
				ONLY_ACTIVE_ARCH = YES;
				SDKROOT = iphoneos;
				TARGETED_DEVICE_FAMILY = "1,2";
			};
			name = Debug;
		};
		DD43F3D71F0C9167003C8F05 /* Release */ = {
			isa = XCBuildConfiguration;
			buildSettings = {
				ALWAYS_SEARCH_USER_PATHS = NO;
				CLANG_ANALYZER_NONNULL = YES;
				CLANG_CXX_LANGUAGE_STANDARD = "gnu++0x";
				CLANG_CXX_LIBRARY = "libc++";
				CLANG_ENABLE_MODULES = YES;
				CLANG_ENABLE_OBJC_ARC = YES;
				CLANG_WARN_BOOL_CONVERSION = YES;
				CLANG_WARN_CONSTANT_CONVERSION = YES;
				CLANG_WARN_DIRECT_OBJC_ISA_USAGE = YES_ERROR;
				CLANG_WARN_DOCUMENTATION_COMMENTS = YES;
				CLANG_WARN_EMPTY_BODY = YES;
				CLANG_WARN_ENUM_CONVERSION = YES;
				CLANG_WARN_INFINITE_RECURSION = YES;
				CLANG_WARN_INT_CONVERSION = YES;
				CLANG_WARN_OBJC_ROOT_CLASS = YES_ERROR;
				CLANG_WARN_SUSPICIOUS_MOVES = YES;
				CLANG_WARN_UNREACHABLE_CODE = YES;
				CLANG_WARN__DUPLICATE_METHOD_MATCH = YES;
				"CODE_SIGN_IDENTITY[sdk=iphoneos*]" = "iPhone Developer";
				COPY_PHASE_STRIP = NO;
				DEBUG_INFORMATION_FORMAT = "dwarf-with-dsym";
				ENABLE_NS_ASSERTIONS = NO;
				ENABLE_STRICT_OBJC_MSGSEND = YES;
				GCC_C_LANGUAGE_STANDARD = gnu99;
				GCC_NO_COMMON_BLOCKS = YES;
				GCC_WARN_64_TO_32_BIT_CONVERSION = YES;
				GCC_WARN_ABOUT_RETURN_TYPE = YES_ERROR;
				GCC_WARN_UNDECLARED_SELECTOR = YES;
				GCC_WARN_UNINITIALIZED_AUTOS = YES_AGGRESSIVE;
				GCC_WARN_UNUSED_FUNCTION = YES;
				GCC_WARN_UNUSED_VARIABLE = YES;
				IPHONEOS_DEPLOYMENT_TARGET = 10.1;
				MTL_ENABLE_DEBUG_INFO = NO;
				SDKROOT = iphoneos;
				TARGETED_DEVICE_FAMILY = "1,2";
				VALIDATE_PRODUCT = YES;
			};
			name = Release;
		};
		DD43F3D91F0C9167003C8F05 /* Debug */ = {
			isa = XCBuildConfiguration;
			buildSettings = {
				ASSETCATALOG_COMPILER_APPICON_NAME = AppIcon;
				DEVELOPMENT_TEAM = B7UQ7WHB5T;
				INFOPLIST_FILE = "多张图片选择器/Info.plist";
				LD_RUNPATH_SEARCH_PATHS = "$(inherited) @executable_path/Frameworks";
				PRODUCT_BUNDLE_IDENTIFIER = "ganZhi.-------";
				PRODUCT_NAME = "$(TARGET_NAME)";
			};
			name = Debug;
		};
		DD43F3DA1F0C9167003C8F05 /* Release */ = {
			isa = XCBuildConfiguration;
			buildSettings = {
				ASSETCATALOG_COMPILER_APPICON_NAME = AppIcon;
				DEVELOPMENT_TEAM = B7UQ7WHB5T;
				INFOPLIST_FILE = "多张图片选择器/Info.plist";
				LD_RUNPATH_SEARCH_PATHS = "$(inherited) @executable_path/Frameworks";
				PRODUCT_BUNDLE_IDENTIFIER = "ganZhi.-------";
				PRODUCT_NAME = "$(TARGET_NAME)";
			};
			name = Release;
		};
		DD43F3DC1F0C9167003C8F05 /* Debug */ = {
			isa = XCBuildConfiguration;
			buildSettings = {
				BUNDLE_LOADER = "$(TEST_HOST)";
				INFOPLIST_FILE = "多张图片选择器Tests/Info.plist";
				LD_RUNPATH_SEARCH_PATHS = "$(inherited) @executable_path/Frameworks @loader_path/Frameworks";
				PRODUCT_BUNDLE_IDENTIFIER = "ganZhi.-------Tests";
				PRODUCT_NAME = "$(TARGET_NAME)";
				TEST_HOST = "$(BUILT_PRODUCTS_DIR)/多张图片选择器.app/多张图片选择器";
			};
			name = Debug;
		};
		DD43F3DD1F0C9167003C8F05 /* Release */ = {
			isa = XCBuildConfiguration;
			buildSettings = {
				BUNDLE_LOADER = "$(TEST_HOST)";
				INFOPLIST_FILE = "多张图片选择器Tests/Info.plist";
				LD_RUNPATH_SEARCH_PATHS = "$(inherited) @executable_path/Frameworks @loader_path/Frameworks";
				PRODUCT_BUNDLE_IDENTIFIER = "ganZhi.-------Tests";
				PRODUCT_NAME = "$(TARGET_NAME)";
				TEST_HOST = "$(BUILT_PRODUCTS_DIR)/多张图片选择器.app/多张图片选择器";
			};
			name = Release;
		};
		DD43F3DF1F0C9167003C8F05 /* Debug */ = {
			isa = XCBuildConfiguration;
			buildSettings = {
				INFOPLIST_FILE = "多张图片选择器UITests/Info.plist";
				LD_RUNPATH_SEARCH_PATHS = "$(inherited) @executable_path/Frameworks @loader_path/Frameworks";
				PRODUCT_BUNDLE_IDENTIFIER = "ganZhi.-------UITests";
				PRODUCT_NAME = "$(TARGET_NAME)";
				TEST_TARGET_NAME = "多张图片选择器";
			};
			name = Debug;
		};
		DD43F3E01F0C9167003C8F05 /* Release */ = {
			isa = XCBuildConfiguration;
			buildSettings = {
				INFOPLIST_FILE = "多张图片选择器UITests/Info.plist";
				LD_RUNPATH_SEARCH_PATHS = "$(inherited) @executable_path/Frameworks @loader_path/Frameworks";
				PRODUCT_BUNDLE_IDENTIFIER = "ganZhi.-------UITests";
				PRODUCT_NAME = "$(TARGET_NAME)";
				TEST_TARGET_NAME = "多张图片选择器";
			};
			name = Release;
		};
/* End XCBuildConfiguration section */

/* Begin XCConfigurationList section */
		DD43F3A61F0C9167003C8F05 /* Build configuration list for PBXProject "多张图片选择器" */ = {
			isa = XCConfigurationList;
			buildConfigurations = (
				DD43F3D61F0C9167003C8F05 /* Debug */,
				DD43F3D71F0C9167003C8F05 /* Release */,
			);
			defaultConfigurationIsVisible = 0;
			defaultConfigurationName = Release;
		};
		DD43F3D81F0C9167003C8F05 /* Build configuration list for PBXNativeTarget "多张图片选择器" */ = {
			isa = XCConfigurationList;
			buildConfigurations = (
				DD43F3D91F0C9167003C8F05 /* Debug */,
				DD43F3DA1F0C9167003C8F05 /* Release */,
			);
			defaultConfigurationIsVisible = 0;
			defaultConfigurationName = Release;
		};
		DD43F3DB1F0C9167003C8F05 /* Build configuration list for PBXNativeTarget "多张图片选择器Tests" */ = {
			isa = XCConfigurationList;
			buildConfigurations = (
				DD43F3DC1F0C9167003C8F05 /* Debug */,
				DD43F3DD1F0C9167003C8F05 /* Release */,
			);
			defaultConfigurationIsVisible = 0;
			defaultConfigurationName = Release;
		};
		DD43F3DE1F0C9167003C8F05 /* Build configuration list for PBXNativeTarget "多张图片选择器UITests" */ = {
			isa = XCConfigurationList;
			buildConfigurations = (
				DD43F3DF1F0C9167003C8F05 /* Debug */,
				DD43F3E01F0C9167003C8F05 /* Release */,
			);
			defaultConfigurationIsVisible = 0;
			defaultConfigurationName = Release;
		};
/* End XCConfigurationList section */
	};
	rootObject = DD43F3A31F0C9167003C8F05 /* Project object */;
}
